# This file is automatically @generated by Cargo.
# It is not intended for manual editing.
version = 3

[[package]]
name = "gcc"
version = "0.3.55"
source = "registry+https://github.com/rust-lang/crates.io-index"
checksum = "8f5f3913fa0bfe7ee1fd8248b6b9f42a5af4b9d65ec2dd2c3c26132b950ecfc2"

[[package]]
name = "libc"
version = "0.2.152"
source = "registry+https://github.com/rust-lang/crates.io-index"
checksum = "13e3bf6590cbc649f4d1a3eefc9d5d6eb746f5200ffb04e5e142700b8faa56e7"

[[package]]
name = "num_cpus"
version = "0.1.0"
source = "registry+https://github.com/rust-lang/crates.io-index"
checksum = "22d288bae691cd7fba05671e5a107b72a937b4b9058b760fa86dfb7a479e9367"
dependencies = [
 "gcc",
 "libc",
]

[[package]]
name = "rsrch"
version = "0.1.0"
dependencies = [
 "num_cpus",
]
